
Microsoft Visual Studio Solution File, Format Version 12.00
# Visual Studio Version 16
VisualStudioVersion = 16.0.30204.135
MinimumVisualStudioVersion = 10.0.40219.1
Project("{9092AA53-FB77-4645-B42D-1CCCA6BD08BD}") = "login", "login\login.njsproj", "{A2A3AC15-E762-425A-9716-0D16FEC34B0F}"
EndProject
Global
	GlobalSection(SolutionConfigurationPlatforms) = preSolution
		Debug|Any CPU = Debug|Any CPU
		Release|Any CPU = Release|Any CPU
	EndGlobalSection
	GlobalSection(ProjectConfigurationPlatforms) = postSolution
		{A2A3AC15-E762-425A-9716-0D16FEC34B0F}.Debug|Any CPU.ActiveCfg = Debug|Any CPU
		{A2A3AC15-E762-425A-9716-0D16FEC34B0F}.Debug|Any CPU.Build.0 = Debug|Any CPU
		{A2A3AC15-E762-425A-9716-0D16FEC34B0F}.Release|Any CPU.ActiveCfg = Release|Any CPU
		{A2A3AC15-E762-425A-9716-0D16FEC34B0F}.Release|Any CPU.Build.0 = Release|Any CPU
	EndGlobalSection
	GlobalSection(SolutionProperties) = preSolution
		HideSolutionNode = FALSE
	EndGlobalSection
	GlobalSection(ExtensibilityGlobals) = postSolution
		SolutionGuid = {92E48F53-3EA3-44D8-BB07-3A27F01C24C3}
	EndGlobalSection
EndGlobal
